# THIS IS AN AUTOGENERATED FILE. DO NOT EDIT THIS FILE DIRECTLY.
# yarn lockfile v1


align-text@^0.1.1, align-text@^0.1.3:
  version "0.1.4"
  resolved "https://registry.yarnpkg.com/align-text/-/align-text-0.1.4.tgz#0cd90a561093f35d0a99256c22b7069433fad117"
  dependencies:
    kind-of "^3.0.2"
    longest "^1.0.1"
    repeat-string "^1.5.2"

amdefine@>=0.0.4:
  version "1.0.1"
  resolved "https://registry.yarnpkg.com/amdefine/-/amdefine-1.0.1.tgz#4a5282ac164729e93619bcfd3ad151f817ce91f5"

assertion-error@^1.0.1:
  version "1.1.0"
  resolved "https://registry.yarnpkg.com/assertion-error/-/assertion-error-1.1.0.tgz#e60b6b0e8f301bd97e5375215bda406c85118c0b"

async@^1.4.0:
  version "1.5.2"
  resolved "https://registry.yarnpkg.com/async/-/async-1.5.2.tgz#ec6a61ae56480c0c3cb241c95618e20892f9672a"

attempt-x@^1.1.0, attempt-x@^1.1.1:
  version "1.1.1"
  resolved "https://registry.yarnpkg.com/attempt-x/-/attempt-x-1.1.1.tgz#fba64e96ce03c3e0bd92c92622061c4df387cb76"

bluebird@^3.4.7, bluebird@^3.5.1:
  version "3.5.1"
  resolved "https://registry.yarnpkg.com/bluebird/-/bluebird-3.5.1.tgz#d9551f9de98f1fcda1e683d17ee91a0602ee2eb9"

buffer-concat@^1.0.0:
  version "1.0.0"
  resolved "https://registry.yarnpkg.com/buffer-concat/-/buffer-concat-1.0.0.tgz#2defadadcb145e0ad3c0b961cde1910b118d1fe6"

buffer-from@^0.1.1:
  version "0.1.1"
  resolved "https://registry.yarnpkg.com/buffer-from/-/buffer-from-0.1.1.tgz#57b18b1da0a19ec06f33837a5275a242351bd75e"
  dependencies:
    is-array-buffer-x "^1.0.13"

cached-constructors-x@^1.0.0:
  version "1.0.0"
  resolved "https://registry.yarnpkg.com/cached-constructors-x/-/cached-constructors-x-1.0.0.tgz#c421e3892a4b6f7794434bdcffd1299b330c181b"

camelcase@^1.0.2:
  version "1.2.1"
  resolved "https://registry.yarnpkg.com/camelcase/-/camelcase-1.2.1.tgz#9bb5304d2e0b56698b2c758b08a3eaa9daa58a39"

center-align@^0.1.1:
  version "0.1.3"
  resolved "https://registry.yarnpkg.com/center-align/-/center-align-0.1.3.tgz#aa0d32629b6ee972200411cbd4461c907bc2b7ad"
  dependencies:
    align-text "^0.1.3"
    lazy-cache "^1.0.3"

chai@^3.5.0:
  version "3.5.0"
  resolved "https://registry.yarnpkg.com/chai/-/chai-3.5.0.tgz#4d02637b067fe958bdbfdd3a40ec56fef7373247"
  dependencies:
    assertion-error "^1.0.1"
    deep-eql "^0.1.3"
    type-detect "^1.0.0"

cliui@^2.1.0:
  version "2.1.0"
  resolved "https://registry.yarnpkg.com/cliui/-/cliui-2.1.0.tgz#4b475760ff80264c762c3a1719032e91c7fea0d1"
  dependencies:
    center-align "^0.1.1"
    right-align "^0.1.1"
    wordwrap "0.0.2"

color-name@^1.1.1:
  version "1.1.3"
  resolved "https://registry.yarnpkg.com/color-name/-/color-name-1.1.3.tgz#a7d0558bd89c42f795dd42328f740831ca53bc25"

decamelize@^1.0.0:
  version "1.2.0"
  resolved "https://registry.yarnpkg.com/decamelize/-/decamelize-1.2.0.tgz#f6534d15148269b20352e7bee26f501f9a191290"

deep-eql@^0.1.3:
  version "0.1.3"
  resolved "https://registry.yarnpkg.com/deep-eql/-/deep-eql-0.1.3.tgz#ef558acab8de25206cd713906d74e56930eb69f2"
  dependencies:
    type-detect "0.1.1"

deepcolour@^1.3.0:
  version "1.3.0"
  resolved "https://registry.yarnpkg.com/deepcolour/-/deepcolour-1.3.0.tgz#65a5cab590f26fd3c80518a675917d09763a43a4"
  dependencies:
    color-name "^1.1.1"

get-stdin@^5.0.1:
  version "5.0.1"
  resolved "https://registry.yarnpkg.com/get-stdin/-/get-stdin-5.0.1.tgz#122e161591e21ff4c52530305693f20e6393a398"

handlebars@^4.0.6:
  version "4.0.11"
  resolved "https://registry.yarnpkg.com/handlebars/-/handlebars-4.0.11.tgz#630a35dfe0294bc281edae6ffc5d329fc7982dcc"
  dependencies:
    async "^1.4.0"
    optimist "^0.6.1"
    source-map "^0.4.4"
  optionalDependencies:
    uglify-js "^2.6"

handleshells@^0.1.1:
  version "0.1.2"
  resolved "https://registry.yarnpkg.com/handleshells/-/handleshells-0.1.2.tgz#c9f7af6a13d372b9252df867362f04f76df1f4e7"
  dependencies:
    bluebird "^3.4.7"
    handlebars "^4.0.6"
    lodash "^4.17.4"
    require-directory "^2.1.1"

has-own-property-x@^3.1.1:
  version "3.2.0"
  resolved "https://registry.yarnpkg.com/has-own-property-x/-/has-own-property-x-3.2.0.tgz#1c4b112a577c8cb5805469556e54b6e959e4ded9"
  dependencies:
    cached-constructors-x "^1.0.0"
    to-object-x "^1.5.0"
    to-property-key-x "^2.0.2"

has-symbol-support-x@^1.4.1:
  version "1.4.1"
  resolved "https://registry.yarnpkg.com/has-symbol-support-x/-/has-symbol-support-x-1.4.1.tgz#66ec2e377e0c7d7ccedb07a3a84d77510ff1bc4c"

has-to-string-tag-x@^1.4.1:
  version "1.4.1"
  resolved "https://registry.yarnpkg.com/has-to-string-tag-x/-/has-to-string-tag-x-1.4.1.tgz#a045ab383d7b4b2012a00148ab0aa5f290044d4d"
  dependencies:
    has-symbol-support-x "^1.4.1"

infinity-x@^1.0.0:
  version "1.0.0"
  resolved "https://registry.yarnpkg.com/infinity-x/-/infinity-x-1.0.0.tgz#cea2d75181d820961b0f72d78e7c4e06fdd55a07"

is-array-buffer-x@^1.0.13:
  version "1.7.0"
  resolved "https://registry.yarnpkg.com/is-array-buffer-x/-/is-array-buffer-x-1.7.0.tgz#4b0b10427b64aa3437767adf4fc07702c59b2371"
  dependencies:
    attempt-x "^1.1.0"
    has-to-string-tag-x "^1.4.1"
    is-object-like-x "^1.5.1"
    object-get-own-property-descriptor-x "^3.2.0"
    to-string-tag-x "^1.4.1"

is-buffer@^1.1.5:
  version "1.1.6"
  resolved "https://registry.yarnpkg.com/is-buffer/-/is-buffer-1.1.6.tgz#efaa2ea9daa0d7ab2ea13a97b2b8ad51fefbe8be"

is-date-object@^1.0.1:
  version "1.0.1"
  resolved "https://registry.yarnpkg.com/is-date-object/-/is-date-object-1.0.1.tgz#9aa20eb6aeebbff77fbd33e74ca01b33581d3a16"

is-falsey-x@^1.0.0, is-falsey-x@^1.0.1:
  version "1.0.1"
  resolved "https://registry.yarnpkg.com/is-falsey-x/-/is-falsey-x-1.0.1.tgz#c469951adc95b8b3fdbf90929b335a7de937d17f"
  dependencies:
    to-boolean-x "^1.0.1"

is-finite-x@^3.0.2:
  version "3.0.2"
  resolved "https://registry.yarnpkg.com/is-finite-x/-/is-finite-x-3.0.2.tgz#a6ec683cfb2bc1a918a1ff59d178edbcea54f7a6"
  dependencies:
    infinity-x "^1.0.0"
    is-nan-x "^1.0.1"

is-function-x@^3.2.0, is-function-x@^3.3.0:
  version "3.3.0"
  resolved "https://registry.yarnpkg.com/is-function-x/-/is-function-x-3.3.0.tgz#7d16bc113853db206d5e40a8b32caf99bd4ff7c0"
  dependencies:
    attempt-x "^1.1.1"
    has-to-string-tag-x "^1.4.1"
    is-falsey-x "^1.0.1"
    is-primitive "^2.0.0"
    normalize-space-x "^3.0.0"
    replace-comments-x "^2.0.0"
    to-boolean-x "^1.0.1"
    to-string-tag-x "^1.4.2"

is-index-x@^1.0.0:
  version "1.1.0"
  resolved "https://registry.yarnpkg.com/is-index-x/-/is-index-x-1.1.0.tgz#43dac97b3a04f30191530833f45ac35001682ee2"
  dependencies:
    math-clamp-x "^1.2.0"
    max-safe-integer "^1.0.1"
    to-integer-x "^3.0.0"
    to-number-x "^2.0.0"
    to-string-symbols-supported-x "^1.0.0"

is-nan-x@^1.0.1:
  version "1.0.1"
  resolved "https://registry.yarnpkg.com/is-nan-x/-/is-nan-x-1.0.1.tgz#de747ebcc8bddeb66f367c17caca7eba843855c0"

is-nil-x@^1.4.1:
  version "1.4.1"
  resolved "https://registry.yarnpkg.com/is-nil-x/-/is-nil-x-1.4.1.tgz#bd9e7b08b4cd732f9dcbde13d93291bb2ec2e248"
  dependencies:
    lodash.isnull "^3.0.0"
    validate.io-undefined "^1.0.3"

is-object-like-x@^1.5.1:
  version "1.6.0"
  resolved "https://registry.yarnpkg.com/is-object-like-x/-/is-object-like-x-1.6.0.tgz#a8c4a95bd6b95db174e0e4730171a160ec73be82"
  dependencies:
    is-function-x "^3.3.0"
    is-primitive "^2.0.0"

is-primitive@^2.0.0:
  version "2.0.0"
  resolved "https://registry.yarnpkg.com/is-primitive/-/is-primitive-2.0.0.tgz#207bab91638499c07b2adf240a41a87210034575"

is-string@^1.0.4:
  version "1.0.4"
  resolved "https://registry.yarnpkg.com/is-string/-/is-string-1.0.4.tgz#cc3a9b69857d621e963725a24caeec873b826e64"

is-symbol@^1.0.1:
  version "1.0.1"
  resolved "https://registry.yarnpkg.com/is-symbol/-/is-symbol-1.0.1.tgz#3cc59f00025194b6ab2e38dbae6689256b660572"

isbuffer@0.0.0:
  version "0.0.0"
  resolved "https://registry.yarnpkg.com/isbuffer/-/isbuffer-0.0.0.tgz#38c146d9df528b8bf9b0701c3d43cf12df3fc39b"

kind-of@^3.0.2:
  version "3.2.2"
  resolved "https://registry.yarnpkg.com/kind-of/-/kind-of-3.2.2.tgz#31ea21a734bab9bbb0f32466d893aea51e4a3c64"
  dependencies:
    is-buffer "^1.1.5"

lazy-cache@^1.0.3:
  version "1.0.4"
  resolved "https://registry.yarnpkg.com/lazy-cache/-/lazy-cache-1.0.4.tgz#a1d78fc3a50474cb80845d3b3b6e1da49a446e8e"

lodash.isnull@^3.0.0:
  version "3.0.0"
  resolved "https://registry.yarnpkg.com/lodash.isnull/-/lodash.isnull-3.0.0.tgz#fafbe59ea1dca27eed786534039dd84c2e07c56e"

lodash@^4.17.4:
  version "4.17.4"
  resolved "https://registry.yarnpkg.com/lodash/-/lodash-4.17.4.tgz#78203a4d1c328ae1d86dca6460e369b57f4055ae"

longest@^1.0.1:
  version "1.0.1"
  resolved "https://registry.yarnpkg.com/longest/-/longest-1.0.1.tgz#30a0b2da38f73770e8294a0d22e6625ed77d0097"

math-clamp-x@^1.2.0:
  version "1.2.0"
  resolved "https://registry.yarnpkg.com/math-clamp-x/-/math-clamp-x-1.2.0.tgz#8b537be0645bbba7ee73ee16091e7d6018c5edcf"
  dependencies:
    to-number-x "^2.0.0"

math-sign-x@^3.0.0:
  version "3.0.0"
  resolved "https://registry.yarnpkg.com/math-sign-x/-/math-sign-x-3.0.0.tgz#d5286022b48e150c384729a86042e0835264c3ed"
  dependencies:
    is-nan-x "^1.0.1"
    to-number-x "^2.0.0"

max-safe-integer@^1.0.1:
  version "1.0.1"
  resolved "https://registry.yarnpkg.com/max-safe-integer/-/max-safe-integer-1.0.1.tgz#f38060be2c563d8c02e6d48af39122fd83b6f410"

minimist@0.0.8:
  version "0.0.8"
  resolved "https://registry.yarnpkg.com/minimist/-/minimist-0.0.8.tgz#857fcabfc3397d2625b8228262e86aa7a011b05d"

minimist@^1.2.0:
  version "1.2.0"
  resolved "https://registry.yarnpkg.com/minimist/-/minimist-1.2.0.tgz#a35008b20f41383eec1fb914f4cd5df79a264284"

minimist@~0.0.1:
  version "0.0.10"
  resolved "https://registry.yarnpkg.com/minimist/-/minimist-0.0.10.tgz#de3f98543dbf96082be48ad1a0c7cda836301dcf"

mkdirp@^0.5.1:
  version "0.5.1"
  resolved "https://registry.yarnpkg.com/mkdirp/-/mkdirp-0.5.1.tgz#30057438eac6cf7f8c4767f38648d6697d75c903"
  dependencies:
    minimist "0.0.8"

nan-x@^1.0.0:
  version "1.0.0"
  resolved "https://registry.yarnpkg.com/nan-x/-/nan-x-1.0.0.tgz#0ee78e8d1cd0592d5b4260a5940154545c61c121"

normalize-space-x@^3.0.0:
  version "3.0.0"
  resolved "https://registry.yarnpkg.com/normalize-space-x/-/normalize-space-x-3.0.0.tgz#17907d6c7c724a4f9567471cbb319553bc0f8882"
  dependencies:
    cached-constructors-x "^1.0.0"
    trim-x "^3.0.0"
    white-space-x "^3.0.0"

object-get-own-property-descriptor-x@^3.2.0:
  version "3.2.0"
  resolved "https://registry.yarnpkg.com/object-get-own-property-descriptor-x/-/object-get-own-property-descriptor-x-3.2.0.tgz#464585ad03e66108ed166c99325b8d2c5ba93712"
  dependencies:
    attempt-x "^1.1.0"
    has-own-property-x "^3.1.1"
    has-symbol-support-x "^1.4.1"
    is-falsey-x "^1.0.0"
    is-index-x "^1.0.0"
    is-primitive "^2.0.0"
    is-string "^1.0.4"
    property-is-enumerable-x "^1.1.0"
    to-object-x "^1.4.1"
    to-property-key-x "^2.0.1"

optimist@^0.6.1:
  version "0.6.1"
  resolved "https://registry.yarnpkg.com/optimist/-/optimist-0.6.1.tgz#da3ea74686fa21a19a111c326e90eb15a0196686"
  dependencies:
    minimist "~0.0.1"
    wordwrap "~0.0.2"

parse-int-x@^2.0.0:
  version "2.0.0"
  resolved "https://registry.yarnpkg.com/parse-int-x/-/parse-int-x-2.0.0.tgz#9f979d4115930df2f4706a41810b9c712405552f"
  dependencies:
    cached-constructors-x "^1.0.0"
    nan-x "^1.0.0"
    to-string-x "^1.4.2"
    trim-left-x "^3.0.0"

pngjs@^3.3.1:
  version "3.3.1"
  resolved "https://registry.yarnpkg.com/pngjs/-/pngjs-3.3.1.tgz#8e14e6679ee7424b544334c3b2d21cea6d8c209a"

property-is-enumerable-x@^1.1.0:
  version "1.1.0"
  resolved "https://registry.yarnpkg.com/property-is-enumerable-x/-/property-is-enumerable-x-1.1.0.tgz#7ca48917476cd0914b37809bfd05776a0d942f6f"
  dependencies:
    to-object-x "^1.4.1"
    to-property-key-x "^2.0.1"

repeat-string@^1.5.2:
  version "1.6.1"
  resolved "https://registry.yarnpkg.com/repeat-string/-/repeat-string-1.6.1.tgz#8dcae470e1c88abc2d600fff4a776286da75e637"

replace-comments-x@^2.0.0:
  version "2.0.0"
  resolved "https://registry.yarnpkg.com/replace-comments-x/-/replace-comments-x-2.0.0.tgz#a5cec18efd912aad78a7c3c4b69d01768556d140"
  dependencies:
    require-coercible-to-string-x "^1.0.0"
    to-string-x "^1.4.2"

require-coercible-to-string-x@^1.0.0:
  version "1.0.0"
  resolved "https://registry.yarnpkg.com/require-coercible-to-string-x/-/require-coercible-to-string-x-1.0.0.tgz#367b3e9ca67e00324c411b0b498453a74cd5569e"
  dependencies:
    require-object-coercible-x "^1.4.1"
    to-string-x "^1.4.2"

require-directory@^2.1.1:
  version "2.1.1"
  resolved "https://registry.yarnpkg.com/require-directory/-/require-directory-2.1.1.tgz#8c64ad5fd30dab1c976e2344ffe7f792a6a6df42"

require-object-coercible-x@^1.4.1:
  version "1.4.1"
  resolved "https://registry.yarnpkg.com/require-object-coercible-x/-/require-object-coercible-x-1.4.1.tgz#75b9fb5bda2d15cf705a5714f108e8b40ca3eb2e"
  dependencies:
    is-nil-x "^1.4.1"

right-align@^0.1.1:
  version "0.1.3"
  resolved "https://registry.yarnpkg.com/right-align/-/right-align-0.1.3.tgz#61339b722fe6a3515689210d24e14c96148613ef"
  dependencies:
    align-text "^0.1.1"

source-map@^0.4.4:
  version "0.4.4"
  resolved "https://registry.yarnpkg.com/source-map/-/source-map-0.4.4.tgz#eba4f5da9c0dc999de68032d8b4f76173652036b"
  dependencies:
    amdefine ">=0.0.4"

source-map@~0.5.1:
  version "0.5.7"
  resolved "https://registry.yarnpkg.com/source-map/-/source-map-0.5.7.tgz#8a039d2d1021d22d1ea14c80d8ea468ba2ef3fcc"

to-boolean-x@^1.0.1:
  version "1.0.1"
  resolved "https://registry.yarnpkg.com/to-boolean-x/-/to-boolean-x-1.0.1.tgz#724128dacc5bea75a93ad471be7ee9277561b2c1"

to-integer-x@^3.0.0:
  version "3.0.0"
  resolved "https://registry.yarnpkg.com/to-integer-x/-/to-integer-x-3.0.0.tgz#9f3b80e668c7f0ae45e6926b40d95f52c1addc74"
  dependencies:
    is-finite-x "^3.0.2"
    is-nan-x "^1.0.1"
    math-sign-x "^3.0.0"
    to-number-x "^2.0.0"

to-number-x@^2.0.0:
  version "2.0.0"
  resolved "https://registry.yarnpkg.com/to-number-x/-/to-number-x-2.0.0.tgz#c9099d7ded8fd327132a2987df2dcc8baf36df4d"
  dependencies:
    cached-constructors-x "^1.0.0"
    nan-x "^1.0.0"
    parse-int-x "^2.0.0"
    to-primitive-x "^1.1.0"
    trim-x "^3.0.0"

to-object-x@^1.4.1, to-object-x@^1.5.0:
  version "1.5.0"
  resolved "https://registry.yarnpkg.com/to-object-x/-/to-object-x-1.5.0.tgz#bd69dd4e104d77acc0cc0d84f5ac48f630aebe3c"
  dependencies:
    cached-constructors-x "^1.0.0"
    require-object-coercible-x "^1.4.1"

to-primitive-x@^1.1.0:
  version "1.1.0"
  resolved "https://registry.yarnpkg.com/to-primitive-x/-/to-primitive-x-1.1.0.tgz#41ce2c13e3e246e0e5d0a8829a0567c6015833f8"
  dependencies:
    has-symbol-support-x "^1.4.1"
    is-date-object "^1.0.1"
    is-function-x "^3.2.0"
    is-nil-x "^1.4.1"
    is-primitive "^2.0.0"
    is-symbol "^1.0.1"
    require-object-coercible-x "^1.4.1"
    validate.io-undefined "^1.0.3"

to-property-key-x@^2.0.1, to-property-key-x@^2.0.2:
  version "2.0.2"
  resolved "https://registry.yarnpkg.com/to-property-key-x/-/to-property-key-x-2.0.2.tgz#b19aa8e22faa0ff7d1c102cfbc657af73413cfa1"
  dependencies:
    has-symbol-support-x "^1.4.1"
    to-primitive-x "^1.1.0"
    to-string-x "^1.4.2"

to-string-symbols-supported-x@^1.0.0:
  version "1.0.0"
  resolved "https://registry.yarnpkg.com/to-string-symbols-supported-x/-/to-string-symbols-supported-x-1.0.0.tgz#d435eb72312fe885b18047a96d59c75641476872"
  dependencies:
    cached-constructors-x "^1.0.0"
    has-symbol-support-x "^1.4.1"
    is-symbol "^1.0.1"

to-string-tag-x@^1.4.1, to-string-tag-x@^1.4.2:
  version "1.4.2"
  resolved "https://registry.yarnpkg.com/to-string-tag-x/-/to-string-tag-x-1.4.2.tgz#916a0c72d2f93dc27fccfe0ea0ce26cd78be21de"
  dependencies:
    lodash.isnull "^3.0.0"
    validate.io-undefined "^1.0.3"

to-string-x@^1.4.2:
  version "1.4.2"
  resolved "https://registry.yarnpkg.com/to-string-x/-/to-string-x-1.4.2.tgz#7d9a2528e159a9214e668137c1e10a045abe6279"
  dependencies:
    is-symbol "^1.0.1"

trim-left-x@^3.0.0:
  version "3.0.0"
  resolved "https://registry.yarnpkg.com/trim-left-x/-/trim-left-x-3.0.0.tgz#356cf055896726b9754425e841398842e90b4cdf"
  dependencies:
    cached-constructors-x "^1.0.0"
    require-coercible-to-string-x "^1.0.0"
    white-space-x "^3.0.0"

trim-right-x@^3.0.0:
  version "3.0.0"
  resolved "https://registry.yarnpkg.com/trim-right-x/-/trim-right-x-3.0.0.tgz#28c4cd37d5981f50ace9b52e3ce9106f4d2d22c0"
  dependencies:
    cached-constructors-x "^1.0.0"
    require-coercible-to-string-x "^1.0.0"
    white-space-x "^3.0.0"

trim-x@^3.0.0:
  version "3.0.0"
  resolved "https://registry.yarnpkg.com/trim-x/-/trim-x-3.0.0.tgz#24efdcd027b748bbfc246a0139ad1749befef024"
  dependencies:
    trim-left-x "^3.0.0"
    trim-right-x "^3.0.0"

type-detect@0.1.1:
  version "0.1.1"
  resolved "https://registry.yarnpkg.com/type-detect/-/type-detect-0.1.1.tgz#0ba5ec2a885640e470ea4e8505971900dac58822"

type-detect@^1.0.0:
  version "1.0.0"
  resolved "https://registry.yarnpkg.com/type-detect/-/type-detect-1.0.0.tgz#762217cc06db258ec48908a1298e8b95121e8ea2"

uglify-js@^2.6:
  version "2.8.29"
  resolved "https://registry.yarnpkg.com/uglify-js/-/uglify-js-2.8.29.tgz#29c5733148057bb4e1f75df35b7a9cb72e6a59dd"
  dependencies:
    source-map "~0.5.1"
    yargs "~3.10.0"
  optionalDependencies:
    uglify-to-browserify "~1.0.0"

uglify-to-browserify@~1.0.0:
  version "1.0.2"
  resolved "https://registry.yarnpkg.com/uglify-to-browserify/-/uglify-to-browserify-1.0.2.tgz#6e0924d6bda6b5afe349e39a6d632850a0f882b7"

validate.io-undefined@^1.0.3:
  version "1.0.3"
  resolved "https://registry.yarnpkg.com/validate.io-undefined/-/validate.io-undefined-1.0.3.tgz#7e27fcbb315b841e78243431897671929e20b7f4"

white-space-x@^3.0.0:
  version "3.0.0"
  resolved "https://registry.yarnpkg.com/white-space-x/-/white-space-x-3.0.0.tgz#c8e31ed4fecf4f3feebe6532e6046008a666a3e1"

window-size@0.1.0:
  version "0.1.0"
  resolved "https://registry.yarnpkg.com/window-size/-/window-size-0.1.0.tgz#5438cd2ea93b202efa3a19fe8887aee7c94f9c9d"

wordwrap@0.0.2:
  version "0.0.2"
  resolved "https://registry.yarnpkg.com/wordwrap/-/wordwrap-0.0.2.tgz#b79669bb42ecb409f83d583cad52ca17eaa1643f"

wordwrap@~0.0.2:
  version "0.0.3"
  resolved "https://registry.yarnpkg.com/wordwrap/-/wordwrap-0.0.3.tgz#a3d5da6cd5c0bc0008d37234bbaf1bed63059107"

yargs@~3.10.0:
  version "3.10.0"
  resolved "https://registry.yarnpkg.com/yargs/-/yargs-3.10.0.tgz#f7ee7bd857dd7c1d2d38c0e74efbd681d1431fd1"
  dependencies:
    camelcase "^1.0.2"
    cliui "^2.1.0"
    decamelize "^1.0.0"
    window-size "0.1.0"
